// !$*UTF8*$!
{
	archiveVersion = 1;
	classes = {
	};
	objectVersion = 56;
	objects = {

/* Begin PBXBuildFile section */
		0ACA224729FA3AEE00CA6D27 /* StarsucksApp.swift in Sources */ = {isa = PBXBuildFile; fileRef = 0ACA224629FA3AEE00CA6D27 /* StarsucksApp.swift */; };
		0ACA224929FA3AEE00CA6D27 /* ContentView.swift in Sources */ = {isa = PBXBuildFile; fileRef = 0ACA224829FA3AEE00CA6D27 /* ContentView.swift */; };
		0ACA224B29FA3AF000CA6D27 /* Assets.xcassets in Resources */ = {isa = PBXBuildFile; fileRef = 0ACA224A29FA3AF000CA6D27 /* Assets.xcassets */; };
		0ACA224F29FA3AF000CA6D27 /* Preview Assets.xcassets in Resources */ = {isa = PBXBuildFile; fileRef = 0ACA224E29FA3AF000CA6D27 /* Preview Assets.xcassets */; };
		0ACA225729FA3CD800CA6D27 /* Cart.swift in Sources */ = {isa = PBXBuildFile; fileRef = 0ACA225629FA3CD800CA6D27 /* Cart.swift */; };
		0ACA225929FA3D0100CA6D27 /* Product.swift in Sources */ = {isa = PBXBuildFile; fileRef = 0ACA225829FA3D0100CA6D27 /* Product.swift */; };
		0ACA225B29FA3D1A00CA6D27 /* TestSource.swift in Sources */ = {isa = PBXBuildFile; fileRef = 0ACA225A29FA3D1A00CA6D27 /* TestSource.swift */; };
		0ACA225E29FA3D3F00CA6D27 /* Order.swift in Sources */ = {isa = PBXBuildFile; fileRef = 0ACA225D29FA3D3F00CA6D27 /* Order.swift */; };
		0ACA226029FA3D5700CA6D27 /* OrderHistory.swift in Sources */ = {isa = PBXBuildFile; fileRef = 0ACA225F29FA3D5700CA6D27 /* OrderHistory.swift */; };
		0ACA226529FA3D8B00CA6D27 /* AccountView.swift in Sources */ = {isa = PBXBuildFile; fileRef = 0ACA226429FA3D8B00CA6D27 /* AccountView.swift */; };
		0ACA226829FA3DA000CA6D27 /* OrderDetailView.swift in Sources */ = {isa = PBXBuildFile; fileRef = 0ACA226729FA3DA000CA6D27 /* OrderDetailView.swift */; };
		0ACA226A29FA3DB600CA6D27 /* OrderSmallCardView.swift in Sources */ = {isa = PBXBuildFile; fileRef = 0ACA226929FA3DB600CA6D27 /* OrderSmallCardView.swift */; };
		0ACA226C29FA3DC700CA6D27 /* OrderView.swift in Sources */ = {isa = PBXBuildFile; fileRef = 0ACA226B29FA3DC700CA6D27 /* OrderView.swift */; };
		0ACA227229FA3E1200CA6D27 /* CartOverviewView.swift in Sources */ = {isa = PBXBuildFile; fileRef = 0ACA227129FA3E1200CA6D27 /* CartOverviewView.swift */; };
		0ACA227429FA3E2D00CA6D27 /* CheckoutView.swift in Sources */ = {isa = PBXBuildFile; fileRef = 0ACA227329FA3E2D00CA6D27 /* CheckoutView.swift */; };
		0ACA227629FA3E3D00CA6D27 /* MenuView.swift in Sources */ = {isa = PBXBuildFile; fileRef = 0ACA227529FA3E3D00CA6D27 /* MenuView.swift */; };
		0ACA227829FA3E4900CA6D27 /* ProductListView.swift in Sources */ = {isa = PBXBuildFile; fileRef = 0ACA227729FA3E4900CA6D27 /* ProductListView.swift */; };
		0ACA227A29FA3E5500CA6D27 /* ProductSmallCardView.swift in Sources */ = {isa = PBXBuildFile; fileRef = 0ACA227929FA3E5500CA6D27 /* ProductSmallCardView.swift */; };
		0ACA227C29FA3E6B00CA6D27 /* QRCodeView.swift in Sources */ = {isa = PBXBuildFile; fileRef = 0ACA227B29FA3E6B00CA6D27 /* QRCodeView.swift */; };
/* End PBXBuildFile section */

/* Begin PBXFileReference section */
		0ACA224329FA3AEE00CA6D27 /* Starsucks.app */ = {isa = PBXFileReference; explicitFileType = wrapper.application; includeInIndex = 0; path = Starsucks.app; sourceTree = BUILT_PRODUCTS_DIR; };
		0ACA224629FA3AEE00CA6D27 /* StarsucksApp.swift */ = {isa = PBXFileReference; lastKnownFileType = sourcecode.swift; path = StarsucksApp.swift; sourceTree = "<group>"; };
		0ACA224829FA3AEE00CA6D27 /* ContentView.swift */ = {isa = PBXFileReference; lastKnownFileType = sourcecode.swift; path = ContentView.swift; sourceTree = "<group>"; };
		0ACA224A29FA3AF000CA6D27 /* Assets.xcassets */ = {isa = PBXFileReference; lastKnownFileType = folder.assetcatalog; path = Assets.xcassets; sourceTree = "<group>"; };
		0ACA224C29FA3AF000CA6D27 /* Starsucks.entitlements */ = {isa = PBXFileReference; lastKnownFileType = text.plist.entitlements; path = Starsucks.entitlements; sourceTree = "<group>"; };
		0ACA224E29FA3AF000CA6D27 /* Preview Assets.xcassets */ = {isa = PBXFileReference; lastKnownFileType = folder.assetcatalog; path = "Preview Assets.xcassets"; sourceTree = "<group>"; };
		0ACA225629FA3CD800CA6D27 /* Cart.swift */ = {isa = PBXFileReference; lastKnownFileType = sourcecode.swift; path = Cart.swift; sourceTree = "<group>"; };
		0ACA225829FA3D0100CA6D27 /* Product.swift */ = {isa = PBXFileReference; lastKnownFileType = sourcecode.swift; path = Product.swift; sourceTree = "<group>"; };
		0ACA225A29FA3D1A00CA6D27 /* TestSource.swift */ = {isa = PBXFileReference; lastKnownFileType = sourcecode.swift; path = TestSource.swift; sourceTree = "<group>"; };
		0ACA225D29FA3D3F00CA6D27 /* Order.swift */ = {isa = PBXFileReference; lastKnownFileType = sourcecode.swift; path = Order.swift; sourceTree = "<group>"; };
		0ACA225F29FA3D5700CA6D27 /* OrderHistory.swift */ = {isa = PBXFileReference; lastKnownFileType = sourcecode.swift; path = OrderHistory.swift; sourceTree = "<group>"; };
		0ACA226429FA3D8B00CA6D27 /* AccountView.swift */ = {isa = PBXFileReference; lastKnownFileType = sourcecode.swift; path = AccountView.swift; sourceTree = "<group>"; };
		0ACA226729FA3DA000CA6D27 /* OrderDetailView.swift */ = {isa = PBXFileReference; lastKnownFileType = sourcecode.swift; path = OrderDetailView.swift; sourceTree = "<group>"; };
		0ACA226929FA3DB600CA6D27 /* OrderSmallCardView.swift */ = {isa = PBXFileReference; lastKnownFileType = sourcecode.swift; path = OrderSmallCardView.swift; sourceTree = "<group>"; };
		0ACA226B29FA3DC700CA6D27 /* OrderView.swift */ = {isa = PBXFileReference; lastKnownFileType = sourcecode.swift; path = OrderView.swift; sourceTree = "<group>"; };
		0ACA227129FA3E1200CA6D27 /* CartOverviewView.swift */ = {isa = PBXFileReference; lastKnownFileType = sourcecode.swift; path = CartOverviewView.swift; sourceTree = "<group>"; };
		0ACA227329FA3E2D00CA6D27 /* CheckoutView.swift */ = {isa = PBXFileReference; lastKnownFileType = sourcecode.swift; path = CheckoutView.swift; sourceTree = "<group>"; };
		0ACA227529FA3E3D00CA6D27 /* MenuView.swift */ = {isa = PBXFileReference; lastKnownFileType = sourcecode.swift; path = MenuView.swift; sourceTree = "<group>"; };
		0ACA227729FA3E4900CA6D27 /* ProductListView.swift */ = {isa = PBXFileReference; lastKnownFileType = sourcecode.swift; path = ProductListView.swift; sourceTree = "<group>"; };
		0ACA227929FA3E5500CA6D27 /* ProductSmallCardView.swift */ = {isa = PBXFileReference; lastKnownFileType = sourcecode.swift; path = ProductSmallCardView.swift; sourceTree = "<group>"; };
		0ACA227B29FA3E6B00CA6D27 /* QRCodeView.swift */ = {isa = PBXFileReference; lastKnownFileType = sourcecode.swift; path = QRCodeView.swift; sourceTree = "<group>"; };
/* End PBXFileReference section */

/* Begin PBXFrameworksBuildPhase section */
		0ACA224029FA3AEE00CA6D27 /* Frameworks */ = {
			isa = PBXFrameworksBuildPhase;
			buildActionMask = 2147483647;
			files = (
			);
			runOnlyForDeploymentPostprocessing = 0;
		};
/* End PBXFrameworksBuildPhase section */

/* Begin PBXGroup section */
		0ACA223A29FA3AEE00CA6D27 = {
			isa = PBXGroup;
			children = (
				0ACA224529FA3AEE00CA6D27 /* Starsucks */,
				0ACA224429FA3AEE00CA6D27 /* Products */,
			);
			sourceTree = "<group>";
		};
		0ACA224429FA3AEE00CA6D27 /* Products */ = {
			isa = PBXGroup;
			children = (
				0ACA224329FA3AEE00CA6D27 /* Starsucks.app */,
			);
			name = Products;
			sourceTree = "<group>";
		};
		0ACA224529FA3AEE00CA6D27 /* Starsucks */ = {
			isa = PBXGroup;
			children = (
				0ACA225529FA3CC200CA6D27 /* DataDef */,
				0ACA226129FA3D6B00CA6D27 /* Views */,
				0ACA224829FA3AEE00CA6D27 /* ContentView.swift */,
				0ACA224629FA3AEE00CA6D27 /* StarsucksApp.swift */,
				0ACA224A29FA3AF000CA6D27 /* Assets.xcassets */,
				0ACA224C29FA3AF000CA6D27 /* Starsucks.entitlements */,
				0ACA224D29FA3AF000CA6D27 /* Preview Content */,
			);
			path = Starsucks;
			sourceTree = "<group>";
		};
		0ACA224D29FA3AF000CA6D27 /* Preview Content */ = {
			isa = PBXGroup;
			children = (
				0ACA224E29FA3AF000CA6D27 /* Preview Assets.xcassets */,
			);
			path = "Preview Content";
			sourceTree = "<group>";
		};
		0ACA225529FA3CC200CA6D27 /* DataDef */ = {
			isa = PBXGroup;
			children = (
				0ACA225C29FA3D3000CA6D27 /* Order */,
				0ACA225629FA3CD800CA6D27 /* Cart.swift */,
				0ACA225829FA3D0100CA6D27 /* Product.swift */,
				0ACA225A29FA3D1A00CA6D27 /* TestSource.swift */,
			);
			path = DataDef;
			sourceTree = "<group>";
		};
		0ACA225C29FA3D3000CA6D27 /* Order */ = {
			isa = PBXGroup;
			children = (
				0ACA225D29FA3D3F00CA6D27 /* Order.swift */,
				0ACA225F29FA3D5700CA6D27 /* OrderHistory.swift */,
			);
			path = Order;
			sourceTree = "<group>";
		};
		0ACA226129FA3D6B00CA6D27 /* Views */ = {
			isa = PBXGroup;
			children = (
				0ACA226D29FA3DDC00CA6D27 /* Purchase */,
				0ACA226629FA3D9900CA6D27 /* Order */,
				0ACA226229FA3D7300CA6D27 /* Account */,
				0ACA227B29FA3E6B00CA6D27 /* QRCodeView.swift */,
			);
			path = Views;
			sourceTree = "<group>";
		};
		0ACA226229FA3D7300CA6D27 /* Account */ = {
			isa = PBXGroup;
			children = (
				0ACA226429FA3D8B00CA6D27 /* AccountView.swift */,
			);
			path = Account;
			sourceTree = "<group>";
		};
		0ACA226629FA3D9900CA6D27 /* Order */ = {
			isa = PBXGroup;
			children = (
				0ACA226729FA3DA000CA6D27 /* OrderDetailView.swift */,
				0ACA226929FA3DB600CA6D27 /* OrderSmallCardView.swift */,
				0ACA226B29FA3DC700CA6D27 /* OrderView.swift */,
			);
			path = Order;
			sourceTree = "<group>";
		};
		0ACA226D29FA3DDC00CA6D27 /* Purchase */ = {
			isa = PBXGroup;
			children = (
				0ACA227029FA3DF400CA6D27 /* Product */,
				0ACA226E29FA3DE400CA6D27 /* Cart */,
				0ACA226F29FA3DEE00CA6D27 /* Checkout */,
			);
			path = Purchase;
			sourceTree = "<group>";
		};
		0ACA226E29FA3DE400CA6D27 /* Cart */ = {
			isa = PBXGroup;
			children = (
				0ACA227129FA3E1200CA6D27 /* CartOverviewView.swift */,
			);
			path = Cart;
			sourceTree = "<group>";
		};
		0ACA226F29FA3DEE00CA6D27 /* Checkout */ = {
			isa = PBXGroup;
			children = (
				0ACA227329FA3E2D00CA6D27 /* CheckoutView.swift */,
			);
			path = Checkout;
			sourceTree = "<group>";
		};
		0ACA227029FA3DF400CA6D27 /* Product */ = {
			isa = PBXGroup;
			children = (
				0ACA227529FA3E3D00CA6D27 /* MenuView.swift */,
				0ACA227729FA3E4900CA6D27 /* ProductListView.swift */,
				0ACA227929FA3E5500CA6D27 /* ProductSmallCardView.swift */,
			);
			path = Product;
			sourceTree = "<group>";
		};
/* End PBXGroup section */

/* Begin PBXNativeTarget section */
		0ACA224229FA3AEE00CA6D27 /* Starsucks */ = {
			isa = PBXNativeTarget;
			buildConfigurationList = 0ACA225229FA3AF000CA6D27 /* Build configuration list for PBXNativeTarget "Starsucks" */;
			buildPhases = (
				0ACA223F29FA3AEE00CA6D27 /* Sources */,
				0ACA224029FA3AEE00CA6D27 /* Frameworks */,
				0ACA224129FA3AEE00CA6D27 /* Resources */,
			);
			buildRules = (
			);
			dependencies = (
			);
			name = Starsucks;
			productName = Starsucks;
			productReference = 0ACA224329FA3AEE00CA6D27 /* Starsucks.app */;
			productType = "com.apple.product-type.application";
		};
/* End PBXNativeTarget section */

/* Begin PBXProject section */
		0ACA223B29FA3AEE00CA6D27 /* Project object */ = {
			isa = PBXProject;
			attributes = {
				BuildIndependentTargetsInParallel = 1;
				LastSwiftUpdateCheck = 1430;
				LastUpgradeCheck = 1430;
				TargetAttributes = {
					0ACA224229FA3AEE00CA6D27 = {
						CreatedOnToolsVersion = 14.3;
					};
				};
			};
			buildConfigurationList = 0ACA223E29FA3AEE00CA6D27 /* Build configuration list for PBXProject "Starsucks" */;
			compatibilityVersion = "Xcode 14.0";
			developmentRegion = en;
			hasScannedForEncodings = 0;
			knownRegions = (
				en,
				Base,
			);
			mainGroup = 0ACA223A29FA3AEE00CA6D27;
			productRefGroup = 0ACA224429FA3AEE00CA6D27 /* Products */;
			projectDirPath = "";
			projectRoot = "";
			targets = (
				0ACA224229FA3AEE00CA6D27 /* Starsucks */,
			);
		};
/* End PBXProject section */

/* Begin PBXResourcesBuildPhase section */
		0ACA224129FA3AEE00CA6D27 /* Resources */ = {
			isa = PBXResourcesBuildPhase;
			buildActionMask = 2147483647;
			files = (
				0ACA224F29FA3AF000CA6D27 /* Preview Assets.xcassets in Resources */,
				0ACA224B29FA3AF000CA6D27 /* Assets.xcassets in Resources */,
			);
			runOnlyForDeploymentPostprocessing = 0;
		};
/* End PBXResourcesBuildPhase section */

/* Begin PBXSourcesBuildPhase section */
		0ACA223F29FA3AEE00CA6D27 /* Sources */ = {
			isa = PBXSourcesBuildPhase;
			buildActionMask = 2147483647;
			files = (
				0ACA225E29FA3D3F00CA6D27 /* Order.swift in Sources */,
				0ACA227229FA3E1200CA6D27 /* CartOverviewView.swift in Sources */,
				0ACA225B29FA3D1A00CA6D27 /* TestSource.swift in Sources */,
				0ACA224929FA3AEE00CA6D27 /* ContentView.swift in Sources */,
				0ACA227A29FA3E5500CA6D27 /* ProductSmallCardView.swift in Sources */,
				0ACA226A29FA3DB600CA6D27 /* OrderSmallCardView.swift in Sources */,
				0ACA225929FA3D0100CA6D27 /* Product.swift in Sources */,
				0ACA226529FA3D8B00CA6D27 /* AccountView.swift in Sources */,
				0ACA227629FA3E3D00CA6D27 /* MenuView.swift in Sources */,
				0ACA227429FA3E2D00CA6D27 /* CheckoutView.swift in Sources */,
				0ACA227829FA3E4900CA6D27 /* ProductListView.swift in Sources */,
				0ACA225729FA3CD800CA6D27 /* Cart.swift in Sources */,
				0ACA227C29FA3E6B00CA6D27 /* QRCodeView.swift in Sources */,
				0ACA224729FA3AEE00CA6D27 /* StarsucksApp.swift in Sources */,
				0ACA226C29FA3DC700CA6D27 /* OrderView.swift in Sources */,
				0ACA226029FA3D5700CA6D27 /* OrderHistory.swift in Sources */,
				0ACA226829FA3DA000CA6D27 /* OrderDetailView.swift in Sources */,
			);
			runOnlyForDeploymentPostprocessing = 0;
		};
/* End PBXSourcesBuildPhase section */

/* Begin XCBuildConfiguration section */
		0ACA225029FA3AF000CA6D27 /* Debug */ = {
			isa = XCBuildConfiguration;
			buildSettings = {
				ALWAYS_SEARCH_USER_PATHS = NO;
				CLANG_ANALYZER_NONNULL = YES;
				CLANG_ANALYZER_NUMBER_OBJECT_CONVERSION = YES_AGGRESSIVE;
				CLANG_CXX_LANGUAGE_STANDARD = "gnu++20";
				CLANG_ENABLE_MODULES = YES;
				CLANG_ENABLE_OBJC_ARC = YES;
				CLANG_ENABLE_OBJC_WEAK = YES;
				CLANG_WARN_BLOCK_CAPTURE_AUTORELEASING = YES;
				CLANG_WARN_BOOL_CONVERSION = YES;
				CLANG_WARN_COMMA = YES;
				CLANG_WARN_CONSTANT_CONVERSION = YES;
				CLANG_WARN_DEPRECATED_OBJC_IMPLEMENTATIONS = YES;
				CLANG_WARN_DIRECT_OBJC_ISA_USAGE = YES_ERROR;
				CLANG_WARN_DOCUMENTATION_COMMENTS = YES;
				CLANG_WARN_EMPTY_BODY = YES;
				CLANG_WARN_ENUM_CONVERSION = YES;
				CLANG_WARN_INFINITE_RECURSION = YES;
				CLANG_WARN_INT_CONVERSION = YES;
				CLANG_WARN_NON_LITERAL_NULL_CONVERSION = YES;
				CLANG_WARN_OBJC_IMPLICIT_RETAIN_SELF = YES;
				CLANG_WARN_OBJC_LITERAL_CONVERSION = YES;
				CLANG_WARN_OBJC_ROOT_CLASS = YES_ERROR;
				CLANG_WARN_QUOTED_INCLUDE_IN_FRAMEWORK_HEADER = YES;
				CLANG_WARN_RANGE_LOOP_ANALYSIS = YES;
				CLANG_WARN_STRICT_PROTOTYPES = YES;
				CLANG_WARN_SUSPICIOUS_MOVE = YES;
				CLANG_WARN_UNGUARDED_AVAILABILITY = YES_AGGRESSIVE;
				CLANG_WARN_UNREACHABLE_CODE = YES;
				CLANG_WARN__DUPLICATE_METHOD_MATCH = YES;
				COPY_PHASE_STRIP = NO;
				DEBUG_INFORMATION_FORMAT = dwarf;
				ENABLE_STRICT_OBJC_MSGSEND = YES;
				ENABLE_TESTABILITY = YES;
				GCC_C_LANGUAGE_STANDARD = gnu11;
				GCC_DYNAMIC_NO_PIC = NO;
				GCC_NO_COMMON_BLOCKS = YES;
				GCC_OPTIMIZATION_LEVEL = 0;
				GCC_PREPROCESSOR_DEFINITIONS = (
					"DEBUG=1",
					"$(inherited)",
				);
				GCC_WARN_64_TO_32_BIT_CONVERSION = YES;
				GCC_WARN_ABOUT_RETURN_TYPE = YES_ERROR;
				GCC_WARN_UNDECLARED_SELECTOR = YES;
				GCC_WARN_UNINITIALIZED_AUTOS = YES_AGGRESSIVE;
				GCC_WARN_UNUSED_FUNCTION = YES;
				GCC_WARN_UNUSED_VARIABLE = YES;
				MTL_ENABLE_DEBUG_INFO = INCLUDE_SOURCE;
				MTL_FAST_MATH = YES;
				ONLY_ACTIVE_ARCH = YES;
				SWIFT_ACTIVE_COMPILATION_CONDITIONS = DEBUG;
				SWIFT_OPTIMIZATION_LEVEL = "-Onone";
			};
			name = Debug;
		};
		0ACA225129FA3AF000CA6D27 /* Release */ = {
			isa = XCBuildConfiguration;
			buildSettings = {
				ALWAYS_SEARCH_USER_PATHS = NO;
				CLANG_ANALYZER_NONNULL = YES;
				CLANG_ANALYZER_NUMBER_OBJECT_CONVERSION = YES_AGGRESSIVE;
				CLANG_CXX_LANGUAGE_STANDARD = "gnu++20";
				CLANG_ENABLE_MODULES = YES;
				CLANG_ENABLE_OBJC_ARC = YES;
				CLANG_ENABLE_OBJC_WEAK = YES;
				CLANG_WARN_BLOCK_CAPTURE_AUTORELEASING = YES;
				CLANG_WARN_BOOL_CONVERSION = YES;
				CLANG_WARN_COMMA = YES;
				CLANG_WARN_CONSTANT_CONVERSION = YES;
				CLANG_WARN_DEPRECATED_OBJC_IMPLEMENTATIONS = YES;
				CLANG_WARN_DIRECT_OBJC_ISA_USAGE = YES_ERROR;
				CLANG_WARN_DOCUMENTATION_COMMENTS = YES;
				CLANG_WARN_EMPTY_BODY = YES;
				CLANG_WARN_ENUM_CONVERSION = YES;
				CLANG_WARN_INFINITE_RECURSION = YES;
				CLANG_WARN_INT_CONVERSION = YES;
				CLANG_WARN_NON_LITERAL_NULL_CONVERSION = YES;
				CLANG_WARN_OBJC_IMPLICIT_RETAIN_SELF = YES;
				CLANG_WARN_OBJC_LITERAL_CONVERSION = YES;
				CLANG_WARN_OBJC_ROOT_CLASS = YES_ERROR;
				CLANG_WARN_QUOTED_INCLUDE_IN_FRAMEWORK_HEADER = YES;
				CLANG_WARN_RANGE_LOOP_ANALYSIS = YES;
				CLANG_WARN_STRICT_PROTOTYPES = YES;
				CLANG_WARN_SUSPICIOUS_MOVE = YES;
				CLANG_WARN_UNGUARDED_AVAILABILITY = YES_AGGRESSIVE;
				CLANG_WARN_UNREACHABLE_CODE = YES;
				CLANG_WARN__DUPLICATE_METHOD_MATCH = YES;
				COPY_PHASE_STRIP = NO;
				DEBUG_INFORMATION_FORMAT = "dwarf-with-dsym";
				ENABLE_NS_ASSERTIONS = NO;
				ENABLE_STRICT_OBJC_MSGSEND = YES;
				GCC_C_LANGUAGE_STANDARD = gnu11;
				GCC_NO_COMMON_BLOCKS = YES;
				GCC_WARN_64_TO_32_BIT_CONVERSION = YES;
				GCC_WARN_ABOUT_RETURN_TYPE = YES_ERROR;
				GCC_WARN_UNDECLARED_SELECTOR = YES;
				GCC_WARN_UNINITIALIZED_AUTOS = YES_AGGRESSIVE;
				GCC_WARN_UNUSED_FUNCTION = YES;
				GCC_WARN_UNUSED_VARIABLE = YES;
				MTL_ENABLE_DEBUG_INFO = NO;
				MTL_FAST_MATH = YES;
				SWIFT_COMPILATION_MODE = wholemodule;
				SWIFT_OPTIMIZATION_LEVEL = "-O";
			};
			name = Release;
		};
		0ACA225329FA3AF000CA6D27 /* Debug */ = {
			isa = XCBuildConfiguration;
			buildSettings = {
				ASSETCATALOG_COMPILER_APPICON_NAME = AppIcon;
				ASSETCATALOG_COMPILER_GLOBAL_ACCENT_COLOR_NAME = AccentColor;
				CODE_SIGN_ENTITLEMENTS = Starsucks/Starsucks.entitlements;
				CODE_SIGN_STYLE = Automatic;
				CURRENT_PROJECT_VERSION = 1;
				DEVELOPMENT_ASSET_PATHS = "\"Starsucks/Preview Content\"";
				DEVELOPMENT_TEAM = 4L8444Q855;
				ENABLE_HARDENED_RUNTIME = YES;
				ENABLE_PREVIEWS = YES;
				GENERATE_INFOPLIST_FILE = YES;
				INFOPLIST_KEY_LSApplicationCategoryType = "public.app-category.shopping";
				"INFOPLIST_KEY_UIApplicationSceneManifest_Generation[sdk=iphoneos*]" = YES;
				"INFOPLIST_KEY_UIApplicationSceneManifest_Generation[sdk=iphonesimulator*]" = YES;
				"INFOPLIST_KEY_UIApplicationSupportsIndirectInputEvents[sdk=iphoneos*]" = YES;
				"INFOPLIST_KEY_UIApplicationSupportsIndirectInputEvents[sdk=iphonesimulator*]" = YES;
				"INFOPLIST_KEY_UILaunchScreen_Generation[sdk=iphoneos*]" = YES;
				"INFOPLIST_KEY_UILaunchScreen_Generation[sdk=iphonesimulator*]" = YES;
				"INFOPLIST_KEY_UIStatusBarStyle[sdk=iphoneos*]" = UIStatusBarStyleDefault;
				"INFOPLIST_KEY_UIStatusBarStyle[sdk=iphonesimulator*]" = UIStatusBarStyleDefault;
				INFOPLIST_KEY_UISupportedInterfaceOrientations = UIInterfaceOrientationPortrait;
				INFOPLIST_KEY_UISupportedInterfaceOrientations_iPad = "UIInterfaceOrientationLandscapeLeft UIInterfaceOrientationLandscapeRight UIInterfaceOrientationPortrait";
				IPHONEOS_DEPLOYMENT_TARGET = 16.1;
				LD_RUNPATH_SEARCH_PATHS = "@executable_path/Frameworks";
				"LD_RUNPATH_SEARCH_PATHS[sdk=macosx*]" = "@executable_path/../Frameworks";
				MACOSX_DEPLOYMENT_TARGET = 13.0;
				MARKETING_VERSION = 1.0;
				PRODUCT_BUNDLE_IDENTIFIER = weiruik.Starsucks;
				PRODUCT_NAME = "$(TARGET_NAME)";
				SDKROOT = auto;
				SUPPORTED_PLATFORMS = "iphoneos iphonesimulator macosx";
				SWIFT_EMIT_LOC_STRINGS = YES;
				SWIFT_VERSION = 5.0;
				TARGETED_DEVICE_FAMILY = "1,2";
			};
			name = Debug;
		};
		0ACA225429FA3AF000CA6D27 /* Release */ = {
			isa = XCBuildConfiguration;
			buildSettings = {
				ASSETCATALOG_COMPILER_APPICON_NAME = AppIcon;
				ASSETCATALOG_COMPILER_GLOBAL_ACCENT_COLOR_NAME = AccentColor;
				CODE_SIGN_ENTITLEMENTS = Starsucks/Starsucks.entitlements;
				CODE_SIGN_STYLE = Automatic;
				CURRENT_PROJECT_VERSION = 1;
				DEVELOPMENT_ASSET_PATHS = "\"Starsucks/Preview Content\"";
				DEVELOPMENT_TEAM = 4L8444Q855;
				ENABLE_HARDENED_RUNTIME = YES;
				ENABLE_PREVIEWS = YES;
				GENERATE_INFOPLIST_FILE = YES;
				INFOPLIST_KEY_LSApplicationCategoryType = "public.app-category.shopping";
				"INFOPLIST_KEY_UIApplicationSceneManifest_Generation[sdk=iphoneos*]" = YES;
				"INFOPLIST_KEY_UIApplicationSceneManifest_Generation[sdk=iphonesimulator*]" = YES;
				"INFOPLIST_KEY_UIApplicationSupportsIndirectInputEvents[sdk=iphoneos*]" = YES;
				"INFOPLIST_KEY_UIApplicationSupportsIndirectInputEvents[sdk=iphonesimulator*]" = YES;
				"INFOPLIST_KEY_UILaunchScreen_Generation[sdk=iphoneos*]" = YES;
				"INFOPLIST_KEY_UILaunchScreen_Generation[sdk=iphonesimulator*]" = YES;
				"INFOPLIST_KEY_UIStatusBarStyle[sdk=iphoneos*]" = UIStatusBarStyleDefault;
				"INFOPLIST_KEY_UIStatusBarStyle[sdk=iphonesimulator*]" = UIStatusBarStyleDefault;
				INFOPLIST_KEY_UISupportedInterfaceOrientations = UIInterfaceOrientationPortrait;
				INFOPLIST_KEY_UISupportedInterfaceOrientations_iPad = "UIInterfaceOrientationLandscapeLeft UIInterfaceOrientationLandscapeRight UIInterfaceOrientationPortrait";
				IPHONEOS_DEPLOYMENT_TARGET = 16.1;
				LD_RUNPATH_SEARCH_PATHS = "@executable_path/Frameworks";
				"LD_RUNPATH_SEARCH_PATHS[sdk=macosx*]" = "@executable_path/../Frameworks";
				MACOSX_DEPLOYMENT_TARGET = 13.0;
				MARKETING_VERSION = 1.0;
				PRODUCT_BUNDLE_IDENTIFIER = weiruik.Starsucks;
				PRODUCT_NAME = "$(TARGET_NAME)";
				SDKROOT = auto;
				SUPPORTED_PLATFORMS = "iphoneos iphonesimulator macosx";
				SWIFT_EMIT_LOC_STRINGS = YES;
				SWIFT_VERSION = 5.0;
				TARGETED_DEVICE_FAMILY = "1,2";
			};
			name = Release;
		};
/* End XCBuildConfiguration section */

/* Begin XCConfigurationList section */
		0ACA223E29FA3AEE00CA6D27 /* Build configuration list for PBXProject "Starsucks" */ = {
			isa = XCConfigurationList;
			buildConfigurations = (
				0ACA225029FA3AF000CA6D27 /* Debug */,
				0ACA225129FA3AF000CA6D27 /* Release */,
			);
			defaultConfigurationIsVisible = 0;
			defaultConfigurationName = Release;
		};
		0ACA225229FA3AF000CA6D27 /* Build configuration list for PBXNativeTarget "Starsucks" */ = {
			isa = XCConfigurationList;
			buildConfigurations = (
				0ACA225329FA3AF000CA6D27 /* Debug */,
				0ACA225429FA3AF000CA6D27 /* Release */,
			);
			defaultConfigurationIsVisible = 0;
			defaultConfigurationName = Release;
		};
/* End XCConfigurationList section */
	};
	rootObject = 0ACA223B29FA3AEE00CA6D27 /* Project object */;
}
